
Microsoft Visual Studio Solution File, Format Version 12.00
# Visual Studio Version 16
VisualStudioVersion = 16.0.31624.102
MinimumVisualStudioVersion = 10.0.40219.1
Project("{FAE04EC0-301F-11D3-BF4B-00C04F79EFBC}") = "WebApplication1", "WebApplication1\WebApplication1.csproj", "{2BADEEC1-3C26-4C22-B365-AFF010FB3F01}"
EndProject
Global
	GlobalSection(SolutionConfigurationPlatforms) = preSolution
		Debug|Any CPU = Debug|Any CPU
		Release|Any CPU = Release|Any CPU
	EndGlobalSection
	GlobalSection(ProjectConfigurationPlatforms) = postSolution
		{2BADEEC1-3C26-4C22-B365-AFF010FB3F01}.Debug|Any CPU.ActiveCfg = Debug|Any CPU
		{2BADEEC1-3C26-4C22-B365-AFF010FB3F01}.Debug|Any CPU.Build.0 = Debug|Any CPU
		{2BADEEC1-3C26-4C22-B365-AFF010FB3F01}.Release|Any CPU.ActiveCfg = Release|Any CPU
		{2BADEEC1-3C26-4C22-B365-AFF010FB3F01}.Release|Any CPU.Build.0 = Release|Any CPU
	EndGlobalSection
	GlobalSection(SolutionProperties) = preSolution
		HideSolutionNode = FALSE
	EndGlobalSection
	GlobalSection(ExtensibilityGlobals) = postSolution
		SolutionGuid = {D9AB93F6-B111-4865-BEE3-682D0BE5CA65}
	EndGlobalSection
EndGlobal
